// !$*UTF8*$!
{
	archiveVersion = 1;
	classes = {
	};
	objectVersion = 52;
	objects = {

/* Begin PBXBuildFile section */
		9A300BB52558E0A900E9EE07 /* AppDelegate.swift in Sources */ = {isa = PBXBuildFile; fileRef = 9A300BB42558E0A900E9EE07 /* AppDelegate.swift */; };
		9A300BB72558E0A900E9EE07 /* SceneDelegate.swift in Sources */ = {isa = PBXBuildFile; fileRef = 9A300BB62558E0A900E9EE07 /* SceneDelegate.swift */; };
		9A300BB92558E0A900E9EE07 /* ViewController.swift in Sources */ = {isa = PBXBuildFile; fileRef = 9A300BB82558E0A900E9EE07 /* ViewController.swift */; };
		9A300BBC2558E0A900E9EE07 /* Main.storyboard in Resources */ = {isa = PBXBuildFile; fileRef = 9A300BBA2558E0A900E9EE07 /* Main.storyboard */; };
		9A300BBE2558E0AB00E9EE07 /* Assets.xcassets in Resources */ = {isa = PBXBuildFile; fileRef = 9A300BBD2558E0AB00E9EE07 /* Assets.xcassets */; };
		9A300BC12558E0AB00E9EE07 /* LaunchScreen.storyboard in Resources */ = {isa = PBXBuildFile; fileRef = 9A300BBF2558E0AB00E9EE07 /* LaunchScreen.storyboard */; };
		9A300BCC2558E0AB00E9EE07 /* applets_swiftTests.swift in Sources */ = {isa = PBXBuildFile; fileRef = 9A300BCB2558E0AB00E9EE07 /* applets_swiftTests.swift */; };
		9A300BD72558E0AB00E9EE07 /* applets_swiftUITests.swift in Sources */ = {isa = PBXBuildFile; fileRef = 9A300BD62558E0AB00E9EE07 /* applets_swiftUITests.swift */; };
		9A300C0D2558EC4E00E9EE07 /* Swifter in Frameworks */ = {isa = PBXBuildFile; productRef = 9A300C0C2558EC4E00E9EE07 /* Swifter */; };
		9A300C132558EC8B00E9EE07 /* Applets.swift in Sources */ = {isa = PBXBuildFile; fileRef = 9A300C122558EC8B00E9EE07 /* Applets.swift */; };
		9A300C8F255907D200E9EE07 /* web in Resources */ = {isa = PBXBuildFile; fileRef = 9A300C8E255907D200E9EE07 /* web */; };
		9A300C94255907DE00E9EE07 /* web.zip in Resources */ = {isa = PBXBuildFile; fileRef = 9A300C93255907DE00E9EE07 /* web.zip */; };
		9A31FA69255A285900C2C0E2 /* AppletModuleViewController.swift in Sources */ = {isa = PBXBuildFile; fileRef = 9A31FA68255A285900C2C0E2 /* AppletModuleViewController.swift */; };
		9A31FA77255A2A0800C2C0E2 /* Widget.swift in Sources */ = {isa = PBXBuildFile; fileRef = 9A31FA76255A2A0800C2C0E2 /* Widget.swift */; };
		9A31FA7F255A2A2A00C2C0E2 /* WdigetManager.swift in Sources */ = {isa = PBXBuildFile; fileRef = 9A31FA7E255A2A2A00C2C0E2 /* WdigetManager.swift */; };
		9A31FA84255A2B9A00C2C0E2 /* AppletModuleWebView.swift in Sources */ = {isa = PBXBuildFile; fileRef = 9A31FA83255A2B9A00C2C0E2 /* AppletModuleWebView.swift */; };
/* End PBXBuildFile section */

/* Begin PBXContainerItemProxy section */
		9A300BC82558E0AB00E9EE07 /* PBXContainerItemProxy */ = {
			isa = PBXContainerItemProxy;
			containerPortal = 9A300BA92558E0A800E9EE07 /* Project object */;
			proxyType = 1;
			remoteGlobalIDString = 9A300BB02558E0A900E9EE07;
			remoteInfo = "applets-swiftls";
		};
		9A300BD32558E0AB00E9EE07 /* PBXContainerItemProxy */ = {
			isa = PBXContainerItemProxy;
			containerPortal = 9A300BA92558E0A800E9EE07 /* Project object */;
			proxyType = 1;
			remoteGlobalIDString = 9A300BB02558E0A900E9EE07;
			remoteInfo = "applets-swiftls";
		};
/* End PBXContainerItemProxy section */

/* Begin PBXFileReference section */
		9A300BB12558E0A900E9EE07 /* applets-swift.app */ = {isa = PBXFileReference; explicitFileType = wrapper.application; includeInIndex = 0; path = "applets-swift.app"; sourceTree = BUILT_PRODUCTS_DIR; };
		9A300BB42558E0A900E9EE07 /* AppDelegate.swift */ = {isa = PBXFileReference; lastKnownFileType = sourcecode.swift; path = AppDelegate.swift; sourceTree = "<group>"; };
		9A300BB62558E0A900E9EE07 /* SceneDelegate.swift */ = {isa = PBXFileReference; lastKnownFileType = sourcecode.swift; path = SceneDelegate.swift; sourceTree = "<group>"; };
		9A300BB82558E0A900E9EE07 /* ViewController.swift */ = {isa = PBXFileReference; lastKnownFileType = sourcecode.swift; path = ViewController.swift; sourceTree = "<group>"; };
		9A300BBB2558E0A900E9EE07 /* Base */ = {isa = PBXFileReference; lastKnownFileType = file.storyboard; name = Base; path = Base.lproj/Main.storyboard; sourceTree = "<group>"; };
		9A300BBD2558E0AB00E9EE07 /* Assets.xcassets */ = {isa = PBXFileReference; lastKnownFileType = folder.assetcatalog; path = Assets.xcassets; sourceTree = "<group>"; };
		9A300BC02558E0AB00E9EE07 /* Base */ = {isa = PBXFileReference; lastKnownFileType = file.storyboard; name = Base; path = Base.lproj/LaunchScreen.storyboard; sourceTree = "<group>"; };
		9A300BC22558E0AB00E9EE07 /* Info.plist */ = {isa = PBXFileReference; lastKnownFileType = text.plist.xml; path = Info.plist; sourceTree = "<group>"; };
		9A300BC72558E0AB00E9EE07 /* applets-swiftTests.xctest */ = {isa = PBXFileReference; explicitFileType = wrapper.cfbundle; includeInIndex = 0; path = "applets-swiftTests.xctest"; sourceTree = BUILT_PRODUCTS_DIR; };
		9A300BCB2558E0AB00E9EE07 /* applets_swiftTests.swift */ = {isa = PBXFileReference; lastKnownFileType = sourcecode.swift; path = applets_swiftTests.swift; sourceTree = "<group>"; };
		9A300BCD2558E0AB00E9EE07 /* Info.plist */ = {isa = PBXFileReference; lastKnownFileType = text.plist.xml; path = Info.plist; sourceTree = "<group>"; };
		9A300BD22558E0AB00E9EE07 /* applets-swiftUITests.xctest */ = {isa = PBXFileReference; explicitFileType = wrapper.cfbundle; includeInIndex = 0; path = "applets-swiftUITests.xctest"; sourceTree = BUILT_PRODUCTS_DIR; };
		9A300BD62558E0AB00E9EE07 /* applets_swiftUITests.swift */ = {isa = PBXFileReference; lastKnownFileType = sourcecode.swift; path = applets_swiftUITests.swift; sourceTree = "<group>"; };
		9A300BD82558E0AB00E9EE07 /* Info.plist */ = {isa = PBXFileReference; lastKnownFileType = text.plist.xml; path = Info.plist; sourceTree = "<group>"; };
		9A300C122558EC8B00E9EE07 /* Applets.swift */ = {isa = PBXFileReference; lastKnownFileType = sourcecode.swift; path = Applets.swift; sourceTree = "<group>"; };
		9A300C8E255907D200E9EE07 /* web */ = {isa = PBXFileReference; lastKnownFileType = folder; path = web; sourceTree = "<group>"; };
		9A300C93255907DE00E9EE07 /* web.zip */ = {isa = PBXFileReference; lastKnownFileType = archive.zip; path = web.zip; sourceTree = "<group>"; };
		9A31FA68255A285900C2C0E2 /* AppletModuleViewController.swift */ = {isa = PBXFileReference; lastKnownFileType = sourcecode.swift; path = AppletModuleViewController.swift; sourceTree = "<group>"; };
		9A31FA76255A2A0800C2C0E2 /* Widget.swift */ = {isa = PBXFileReference; lastKnownFileType = sourcecode.swift; path = Widget.swift; sourceTree = "<group>"; };
		9A31FA7E255A2A2A00C2C0E2 /* WdigetManager.swift */ = {isa = PBXFileReference; lastKnownFileType = sourcecode.swift; path = WdigetManager.swift; sourceTree = "<group>"; };
		9A31FA83255A2B9A00C2C0E2 /* AppletModuleWebView.swift */ = {isa = PBXFileReference; lastKnownFileType = sourcecode.swift; path = AppletModuleWebView.swift; sourceTree = "<group>"; };
		9A31FA88255A439300C2C0E2 /* README.md */ = {isa = PBXFileReference; lastKnownFileType = net.daringfireball.markdown; path = README.md; sourceTree = "<group>"; };
/* End PBXFileReference section */

/* Begin PBXFrameworksBuildPhase section */
		9A300BAE2558E0A900E9EE07 /* Frameworks */ = {
			isa = PBXFrameworksBuildPhase;
			buildActionMask = 2147483647;
			files = (
				9A300C0D2558EC4E00E9EE07 /* Swifter in Frameworks */,
			);
			runOnlyForDeploymentPostprocessing = 0;
		};
		9A300BC42558E0AB00E9EE07 /* Frameworks */ = {
			isa = PBXFrameworksBuildPhase;
			buildActionMask = 2147483647;
			files = (
			);
			runOnlyForDeploymentPostprocessing = 0;
		};
		9A300BCF2558E0AB00E9EE07 /* Frameworks */ = {
			isa = PBXFrameworksBuildPhase;
			buildActionMask = 2147483647;
			files = (
			);
			runOnlyForDeploymentPostprocessing = 0;
		};
/* End PBXFrameworksBuildPhase section */

/* Begin PBXGroup section */
		9A300BA82558E0A800E9EE07 = {
			isa = PBXGroup;
			children = (
				9A31FA88255A439300C2C0E2 /* README.md */,
				9A300BB32558E0A900E9EE07 /* applets-swift */,
				9A300BCA2558E0AB00E9EE07 /* applets-swiftTests */,
				9A300BD52558E0AB00E9EE07 /* applets-swiftUITests */,
				9A300BB22558E0A900E9EE07 /* Products */,
			);
			sourceTree = "<group>";
		};
		9A300BB22558E0A900E9EE07 /* Products */ = {
			isa = PBXGroup;
			children = (
				9A300BB12558E0A900E9EE07 /* applets-swift.app */,
				9A300BC72558E0AB00E9EE07 /* applets-swiftTests.xctest */,
				9A300BD22558E0AB00E9EE07 /* applets-swiftUITests.xctest */,
			);
			name = Products;
			sourceTree = "<group>";
		};
		9A300BB32558E0A900E9EE07 /* applets-swift */ = {
			isa = PBXGroup;
			children = (
				9A300C8D255907C300E9EE07 /* resources */,
				9A300C112558EC7A00E9EE07 /* applets */,
				9A300BB42558E0A900E9EE07 /* AppDelegate.swift */,
				9A300BB62558E0A900E9EE07 /* SceneDelegate.swift */,
				9A300BB82558E0A900E9EE07 /* ViewController.swift */,
				9A300BBA2558E0A900E9EE07 /* Main.storyboard */,
				9A300BBD2558E0AB00E9EE07 /* Assets.xcassets */,
				9A300BBF2558E0AB00E9EE07 /* LaunchScreen.storyboard */,
				9A300BC22558E0AB00E9EE07 /* Info.plist */,
			);
			path = "applets-swift";
			sourceTree = "<group>";
		};
		9A300BCA2558E0AB00E9EE07 /* applets-swiftTests */ = {
			isa = PBXGroup;
			children = (
				9A300BCB2558E0AB00E9EE07 /* applets_swiftTests.swift */,
				9A300BCD2558E0AB00E9EE07 /* Info.plist */,
			);
			path = "applets-swiftTests";
			sourceTree = "<group>";
		};
		9A300BD52558E0AB00E9EE07 /* applets-swiftUITests */ = {
			isa = PBXGroup;
			children = (
				9A300BD62558E0AB00E9EE07 /* applets_swiftUITests.swift */,
				9A300BD82558E0AB00E9EE07 /* Info.plist */,
			);
			path = "applets-swiftUITests";
			sourceTree = "<group>";
		};
		9A300C112558EC7A00E9EE07 /* applets */ = {
			isa = PBXGroup;
			children = (
				9A31FA5A255A277400C2C0E2 /* Components */,
				9A31FA54255A274300C2C0E2 /* Core */,
				9A31FA50255A270E00C2C0E2 /* UI */,
			);
			path = applets;
			sourceTree = "<group>";
		};
		9A300C8D255907C300E9EE07 /* resources */ = {
			isa = PBXGroup;
			children = (
				9A300C93255907DE00E9EE07 /* web.zip */,
				9A300C8E255907D200E9EE07 /* web */,
			);
			path = resources;
			sourceTree = "<group>";
		};
		9A31FA50255A270E00C2C0E2 /* UI */ = {
			isa = PBXGroup;
			children = (
				9A31FA68255A285900C2C0E2 /* AppletModuleViewController.swift */,
				9A31FA83255A2B9A00C2C0E2 /* AppletModuleWebView.swift */,
			);
			path = UI;
			sourceTree = "<group>";
		};
		9A31FA54255A274300C2C0E2 /* Core */ = {
			isa = PBXGroup;
			children = (
				9A31FA75255A29EF00C2C0E2 /* WidgetManager */,
				9A31FA5C255A280200C2C0E2 /* Event */,
				9A31FA55255A275300C2C0E2 /* Server */,
			);
			path = Core;
			sourceTree = "<group>";
		};
		9A31FA55255A275300C2C0E2 /* Server */ = {
			isa = PBXGroup;
			children = (
				9A300C122558EC8B00E9EE07 /* Applets.swift */,
			);
			path = Server;
			sourceTree = "<group>";
		};
		9A31FA5A255A277400C2C0E2 /* Components */ = {
			isa = PBXGroup;
			children = (
				9A31FA5B255A279E00C2C0E2 /* Database */,
			);
			path = Components;
			sourceTree = "<group>";
		};
		9A31FA5B255A279E00C2C0E2 /* Database */ = {
			isa = PBXGroup;
			children = (
			);
			path = Database;
			sourceTree = "<group>";
		};
		9A31FA5C255A280200C2C0E2 /* Event */ = {
			isa = PBXGroup;
			children = (
			);
			path = Event;
			sourceTree = "<group>";
		};
		9A31FA75255A29EF00C2C0E2 /* WidgetManager */ = {
			isa = PBXGroup;
			children = (
				9A31FA76255A2A0800C2C0E2 /* Widget.swift */,
				9A31FA7E255A2A2A00C2C0E2 /* WdigetManager.swift */,
			);
			path = WidgetManager;
			sourceTree = "<group>";
		};
/* End PBXGroup section */

/* Begin PBXNativeTarget section */
		9A300BB02558E0A900E9EE07 /* applets-swift */ = {
			isa = PBXNativeTarget;
			buildConfigurationList = 9A300BDB2558E0AB00E9EE07 /* Build configuration list for PBXNativeTarget "applets-swift" */;
			buildPhases = (
				9A300BAD2558E0A900E9EE07 /* Sources */,
				9A300BAE2558E0A900E9EE07 /* Frameworks */,
				9A300BAF2558E0A900E9EE07 /* Resources */,
			);
			buildRules = (
			);
			dependencies = (
			);
			name = "applets-swift";
			packageProductDependencies = (
				9A300C0C2558EC4E00E9EE07 /* Swifter */,
			);
			productName = "applets-swiftls";
			productReference = 9A300BB12558E0A900E9EE07 /* applets-swift.app */;
			productType = "com.apple.product-type.application";
		};
		9A300BC62558E0AB00E9EE07 /* applets-swiftTests */ = {
			isa = PBXNativeTarget;
			buildConfigurationList = 9A300BDE2558E0AB00E9EE07 /* Build configuration list for PBXNativeTarget "applets-swiftTests" */;
			buildPhases = (
				9A300BC32558E0AB00E9EE07 /* Sources */,
				9A300BC42558E0AB00E9EE07 /* Frameworks */,
				9A300BC52558E0AB00E9EE07 /* Resources */,
			);
			buildRules = (
			);
			dependencies = (
				9A300BC92558E0AB00E9EE07 /* PBXTargetDependency */,
			);
			name = "applets-swiftTests";
			productName = "applets-swiftlsTests";
			productReference = 9A300BC72558E0AB00E9EE07 /* applets-swiftTests.xctest */;
			productType = "com.apple.product-type.bundle.unit-test";
		};
		9A300BD12558E0AB00E9EE07 /* applets-swiftUITests */ = {
			isa = PBXNativeTarget;
			buildConfigurationList = 9A300BE12558E0AB00E9EE07 /* Build configuration list for PBXNativeTarget "applets-swiftUITests" */;
			buildPhases = (
				9A300BCE2558E0AB00E9EE07 /* Sources */,
				9A300BCF2558E0AB00E9EE07 /* Frameworks */,
				9A300BD02558E0AB00E9EE07 /* Resources */,
			);
			buildRules = (
			);
			dependencies = (
				9A300BD42558E0AB00E9EE07 /* PBXTargetDependency */,
			);
			name = "applets-swiftUITests";
			productName = "applets-swiftlsUITests";
			productReference = 9A300BD22558E0AB00E9EE07 /* applets-swiftUITests.xctest */;
			productType = "com.apple.product-type.bundle.ui-testing";
		};
/* End PBXNativeTarget section */

/* Begin PBXProject section */
		9A300BA92558E0A800E9EE07 /* Project object */ = {
			isa = PBXProject;
			attributes = {
				LastSwiftUpdateCheck = 1200;
				LastUpgradeCheck = 1200;
				TargetAttributes = {
					9A300BB02558E0A900E9EE07 = {
						CreatedOnToolsVersion = 12.0.1;
					};
					9A300BC62558E0AB00E9EE07 = {
						CreatedOnToolsVersion = 12.0.1;
						TestTargetID = 9A300BB02558E0A900E9EE07;
					};
					9A300BD12558E0AB00E9EE07 = {
						CreatedOnToolsVersion = 12.0.1;
						TestTargetID = 9A300BB02558E0A900E9EE07;
					};
				};
			};
			buildConfigurationList = 9A300BAC2558E0A800E9EE07 /* Build configuration list for PBXProject "applets-swift" */;
			compatibilityVersion = "Xcode 9.3";
			developmentRegion = en;
			hasScannedForEncodings = 0;
			knownRegions = (
				en,
				Base,
			);
			mainGroup = 9A300BA82558E0A800E9EE07;
			packageReferences = (
				9A300C0B2558EC4E00E9EE07 /* XCRemoteSwiftPackageReference "swifter" */,
			);
			productRefGroup = 9A300BB22558E0A900E9EE07 /* Products */;
			projectDirPath = "";
			projectRoot = "";
			targets = (
				9A300BB02558E0A900E9EE07 /* applets-swift */,
				9A300BC62558E0AB00E9EE07 /* applets-swiftTests */,
				9A300BD12558E0AB00E9EE07 /* applets-swiftUITests */,
			);
		};
/* End PBXProject section */

/* Begin PBXResourcesBuildPhase section */
		9A300BAF2558E0A900E9EE07 /* Resources */ = {
			isa = PBXResourcesBuildPhase;
			buildActionMask = 2147483647;
			files = (
				9A300BC12558E0AB00E9EE07 /* LaunchScreen.storyboard in Resources */,
				9A300C94255907DE00E9EE07 /* web.zip in Resources */,
				9A300C8F255907D200E9EE07 /* web in Resources */,
				9A300BBE2558E0AB00E9EE07 /* Assets.xcassets in Resources */,
				9A300BBC2558E0A900E9EE07 /* Main.storyboard in Resources */,
			);
			runOnlyForDeploymentPostprocessing = 0;
		};
		9A300BC52558E0AB00E9EE07 /* Resources */ = {
			isa = PBXResourcesBuildPhase;
			buildActionMask = 2147483647;
			files = (
			);
			runOnlyForDeploymentPostprocessing = 0;
		};
		9A300BD02558E0AB00E9EE07 /* Resources */ = {
			isa = PBXResourcesBuildPhase;
			buildActionMask = 2147483647;
			files = (
			);
			runOnlyForDeploymentPostprocessing = 0;
		};
/* End PBXResourcesBuildPhase section */

/* Begin PBXSourcesBuildPhase section */
		9A300BAD2558E0A900E9EE07 /* Sources */ = {
			isa = PBXSourcesBuildPhase;
			buildActionMask = 2147483647;
			files = (
				9A31FA7F255A2A2A00C2C0E2 /* WdigetManager.swift in Sources */,
				9A31FA84255A2B9A00C2C0E2 /* AppletModuleWebView.swift in Sources */,
				9A300BB92558E0A900E9EE07 /* ViewController.swift in Sources */,
				9A31FA69255A285900C2C0E2 /* AppletModuleViewController.swift in Sources */,
				9A300C132558EC8B00E9EE07 /* Applets.swift in Sources */,
				9A300BB52558E0A900E9EE07 /* AppDelegate.swift in Sources */,
				9A300BB72558E0A900E9EE07 /* SceneDelegate.swift in Sources */,
				9A31FA77255A2A0800C2C0E2 /* Widget.swift in Sources */,
			);
			runOnlyForDeploymentPostprocessing = 0;
		};
		9A300BC32558E0AB00E9EE07 /* Sources */ = {
			isa = PBXSourcesBuildPhase;
			buildActionMask = 2147483647;
			files = (
				9A300BCC2558E0AB00E9EE07 /* applets_swiftTests.swift in Sources */,
			);
			runOnlyForDeploymentPostprocessing = 0;
		};
		9A300BCE2558E0AB00E9EE07 /* Sources */ = {
			isa = PBXSourcesBuildPhase;
			buildActionMask = 2147483647;
			files = (
				9A300BD72558E0AB00E9EE07 /* applets_swiftUITests.swift in Sources */,
			);
			runOnlyForDeploymentPostprocessing = 0;
		};
/* End PBXSourcesBuildPhase section */

/* Begin PBXTargetDependency section */
		9A300BC92558E0AB00E9EE07 /* PBXTargetDependency */ = {
			isa = PBXTargetDependency;
			target = 9A300BB02558E0A900E9EE07 /* applets-swift */;
			targetProxy = 9A300BC82558E0AB00E9EE07 /* PBXContainerItemProxy */;
		};
		9A300BD42558E0AB00E9EE07 /* PBXTargetDependency */ = {
			isa = PBXTargetDependency;
			target = 9A300BB02558E0A900E9EE07 /* applets-swift */;
			targetProxy = 9A300BD32558E0AB00E9EE07 /* PBXContainerItemProxy */;
		};
/* End PBXTargetDependency section */

/* Begin PBXVariantGroup section */
		9A300BBA2558E0A900E9EE07 /* Main.storyboard */ = {
			isa = PBXVariantGroup;
			children = (
				9A300BBB2558E0A900E9EE07 /* Base */,
			);
			name = Main.storyboard;
			sourceTree = "<group>";
		};
		9A300BBF2558E0AB00E9EE07 /* LaunchScreen.storyboard */ = {
			isa = PBXVariantGroup;
			children = (
				9A300BC02558E0AB00E9EE07 /* Base */,
			);
			name = LaunchScreen.storyboard;
			sourceTree = "<group>";
		};
/* End PBXVariantGroup section */

/* Begin XCBuildConfiguration section */
		9A300BD92558E0AB00E9EE07 /* Debug */ = {
			isa = XCBuildConfiguration;
			buildSettings = {
				ALWAYS_SEARCH_USER_PATHS = NO;
				CLANG_ANALYZER_NONNULL = YES;
				CLANG_ANALYZER_NUMBER_OBJECT_CONVERSION = YES_AGGRESSIVE;
				CLANG_CXX_LANGUAGE_STANDARD = "gnu++14";
				CLANG_CXX_LIBRARY = "libc++";
				CLANG_ENABLE_MODULES = YES;
				CLANG_ENABLE_OBJC_ARC = YES;
				CLANG_ENABLE_OBJC_WEAK = YES;
				CLANG_WARN_BLOCK_CAPTURE_AUTORELEASING = YES;
				CLANG_WARN_BOOL_CONVERSION = YES;
				CLANG_WARN_COMMA = YES;
				CLANG_WARN_CONSTANT_CONVERSION = YES;
				CLANG_WARN_DEPRECATED_OBJC_IMPLEMENTATIONS = YES;
				CLANG_WARN_DIRECT_OBJC_ISA_USAGE = YES_ERROR;
				CLANG_WARN_DOCUMENTATION_COMMENTS = YES;
				CLANG_WARN_EMPTY_BODY = YES;
				CLANG_WARN_ENUM_CONVERSION = YES;
				CLANG_WARN_INFINITE_RECURSION = YES;
				CLANG_WARN_INT_CONVERSION = YES;
				CLANG_WARN_NON_LITERAL_NULL_CONVERSION = YES;
				CLANG_WARN_OBJC_IMPLICIT_RETAIN_SELF = YES;
				CLANG_WARN_OBJC_LITERAL_CONVERSION = YES;
				CLANG_WARN_OBJC_ROOT_CLASS = YES_ERROR;
				CLANG_WARN_QUOTED_INCLUDE_IN_FRAMEWORK_HEADER = YES;
				CLANG_WARN_RANGE_LOOP_ANALYSIS = YES;
				CLANG_WARN_STRICT_PROTOTYPES = YES;
				CLANG_WARN_SUSPICIOUS_MOVE = YES;
				CLANG_WARN_UNGUARDED_AVAILABILITY = YES_AGGRESSIVE;
				CLANG_WARN_UNREACHABLE_CODE = YES;
				CLANG_WARN__DUPLICATE_METHOD_MATCH = YES;
				COPY_PHASE_STRIP = NO;
				DEBUG_INFORMATION_FORMAT = dwarf;
				ENABLE_STRICT_OBJC_MSGSEND = YES;
				ENABLE_TESTABILITY = YES;
				GCC_C_LANGUAGE_STANDARD = gnu11;
				GCC_DYNAMIC_NO_PIC = NO;
				GCC_NO_COMMON_BLOCKS = YES;
				GCC_OPTIMIZATION_LEVEL = 0;
				GCC_PREPROCESSOR_DEFINITIONS = (
					"DEBUG=1",
					"$(inherited)",
				);
				GCC_WARN_64_TO_32_BIT_CONVERSION = YES;
				GCC_WARN_ABOUT_RETURN_TYPE = YES_ERROR;
				GCC_WARN_UNDECLARED_SELECTOR = YES;
				GCC_WARN_UNINITIALIZED_AUTOS = YES_AGGRESSIVE;
				GCC_WARN_UNUSED_FUNCTION = YES;
				GCC_WARN_UNUSED_VARIABLE = YES;
				IPHONEOS_DEPLOYMENT_TARGET = 14.0;
				MTL_ENABLE_DEBUG_INFO = INCLUDE_SOURCE;
				MTL_FAST_MATH = YES;
				ONLY_ACTIVE_ARCH = YES;
				SDKROOT = iphoneos;
				SWIFT_ACTIVE_COMPILATION_CONDITIONS = DEBUG;
				SWIFT_OPTIMIZATION_LEVEL = "-Onone";
			};
			name = Debug;
		};
		9A300BDA2558E0AB00E9EE07 /* Release */ = {
			isa = XCBuildConfiguration;
			buildSettings = {
				ALWAYS_SEARCH_USER_PATHS = NO;
				CLANG_ANALYZER_NONNULL = YES;
				CLANG_ANALYZER_NUMBER_OBJECT_CONVERSION = YES_AGGRESSIVE;
				CLANG_CXX_LANGUAGE_STANDARD = "gnu++14";
				CLANG_CXX_LIBRARY = "libc++";
				CLANG_ENABLE_MODULES = YES;
				CLANG_ENABLE_OBJC_ARC = YES;
				CLANG_ENABLE_OBJC_WEAK = YES;
				CLANG_WARN_BLOCK_CAPTURE_AUTORELEASING = YES;
				CLANG_WARN_BOOL_CONVERSION = YES;
				CLANG_WARN_COMMA = YES;
				CLANG_WARN_CONSTANT_CONVERSION = YES;
				CLANG_WARN_DEPRECATED_OBJC_IMPLEMENTATIONS = YES;
				CLANG_WARN_DIRECT_OBJC_ISA_USAGE = YES_ERROR;
				CLANG_WARN_DOCUMENTATION_COMMENTS = YES;
				CLANG_WARN_EMPTY_BODY = YES;
				CLANG_WARN_ENUM_CONVERSION = YES;
				CLANG_WARN_INFINITE_RECURSION = YES;
				CLANG_WARN_INT_CONVERSION = YES;
				CLANG_WARN_NON_LITERAL_NULL_CONVERSION = YES;
				CLANG_WARN_OBJC_IMPLICIT_RETAIN_SELF = YES;
				CLANG_WARN_OBJC_LITERAL_CONVERSION = YES;
				CLANG_WARN_OBJC_ROOT_CLASS = YES_ERROR;
				CLANG_WARN_QUOTED_INCLUDE_IN_FRAMEWORK_HEADER = YES;
				CLANG_WARN_RANGE_LOOP_ANALYSIS = YES;
				CLANG_WARN_STRICT_PROTOTYPES = YES;
				CLANG_WARN_SUSPICIOUS_MOVE = YES;
				CLANG_WARN_UNGUARDED_AVAILABILITY = YES_AGGRESSIVE;
				CLANG_WARN_UNREACHABLE_CODE = YES;
				CLANG_WARN__DUPLICATE_METHOD_MATCH = YES;
				COPY_PHASE_STRIP = NO;
				DEBUG_INFORMATION_FORMAT = "dwarf-with-dsym";
				ENABLE_NS_ASSERTIONS = NO;
				ENABLE_STRICT_OBJC_MSGSEND = YES;
				GCC_C_LANGUAGE_STANDARD = gnu11;
				GCC_NO_COMMON_BLOCKS = YES;
				GCC_WARN_64_TO_32_BIT_CONVERSION = YES;
				GCC_WARN_ABOUT_RETURN_TYPE = YES_ERROR;
				GCC_WARN_UNDECLARED_SELECTOR = YES;
				GCC_WARN_UNINITIALIZED_AUTOS = YES_AGGRESSIVE;
				GCC_WARN_UNUSED_FUNCTION = YES;
				GCC_WARN_UNUSED_VARIABLE = YES;
				IPHONEOS_DEPLOYMENT_TARGET = 14.0;
				MTL_ENABLE_DEBUG_INFO = NO;
				MTL_FAST_MATH = YES;
				SDKROOT = iphoneos;
				SWIFT_COMPILATION_MODE = wholemodule;
				SWIFT_OPTIMIZATION_LEVEL = "-O";
				VALIDATE_PRODUCT = YES;
			};
			name = Release;
		};
		9A300BDC2558E0AB00E9EE07 /* Debug */ = {
			isa = XCBuildConfiguration;
			buildSettings = {
				ASSETCATALOG_COMPILER_APPICON_NAME = AppIcon;
				ASSETCATALOG_COMPILER_GLOBAL_ACCENT_COLOR_NAME = AccentColor;
				CODE_SIGN_STYLE = Automatic;
				INFOPLIST_FILE = "applets-swift/Info.plist";
				LD_RUNPATH_SEARCH_PATHS = (
					"$(inherited)",
					"@executable_path/Frameworks",
				);
				PRODUCT_BUNDLE_IDENTIFIER = "com.artery.applets-swift";
				PRODUCT_NAME = "$(TARGET_NAME)";
				SWIFT_VERSION = 5.0;
				TARGETED_DEVICE_FAMILY = "1,2";
			};
			name = Debug;
		};
		9A300BDD2558E0AB00E9EE07 /* Release */ = {
			isa = XCBuildConfiguration;
			buildSettings = {
				ASSETCATALOG_COMPILER_APPICON_NAME = AppIcon;
				ASSETCATALOG_COMPILER_GLOBAL_ACCENT_COLOR_NAME = AccentColor;
				CODE_SIGN_STYLE = Automatic;
				INFOPLIST_FILE = "applets-swift/Info.plist";
				LD_RUNPATH_SEARCH_PATHS = (
					"$(inherited)",
					"@executable_path/Frameworks",
				);
				PRODUCT_BUNDLE_IDENTIFIER = "com.artery.applets-swift";
				PRODUCT_NAME = "$(TARGET_NAME)";
				SWIFT_VERSION = 5.0;
				TARGETED_DEVICE_FAMILY = "1,2";
			};
			name = Release;
		};
		9A300BDF2558E0AB00E9EE07 /* Debug */ = {
			isa = XCBuildConfiguration;
			buildSettings = {
				ALWAYS_EMBED_SWIFT_STANDARD_LIBRARIES = YES;
				BUNDLE_LOADER = "$(TEST_HOST)";
				CODE_SIGN_STYLE = Automatic;
				INFOPLIST_FILE = "applets-swiftTests/Info.plist";
				IPHONEOS_DEPLOYMENT_TARGET = 14.0;
				LD_RUNPATH_SEARCH_PATHS = (
					"$(inherited)",
					"@executable_path/Frameworks",
					"@loader_path/Frameworks",
				);
				PRODUCT_BUNDLE_IDENTIFIER = "com.artery.applets-swiftTests";
				PRODUCT_NAME = "$(TARGET_NAME)";
				SWIFT_VERSION = 5.0;
				TARGETED_DEVICE_FAMILY = "1,2";
				TEST_HOST = "$(BUILT_PRODUCTS_DIR)/applets-swift.app/applets-swift";
			};
			name = Debug;
		};
		9A300BE02558E0AB00E9EE07 /* Release */ = {
			isa = XCBuildConfiguration;
			buildSettings = {
				ALWAYS_EMBED_SWIFT_STANDARD_LIBRARIES = YES;
				BUNDLE_LOADER = "$(TEST_HOST)";
				CODE_SIGN_STYLE = Automatic;
				INFOPLIST_FILE = "applets-swiftTests/Info.plist";
				IPHONEOS_DEPLOYMENT_TARGET = 14.0;
				LD_RUNPATH_SEARCH_PATHS = (
					"$(inherited)",
					"@executable_path/Frameworks",
					"@loader_path/Frameworks",
				);
				PRODUCT_BUNDLE_IDENTIFIER = "com.artery.applets-swiftTests";
				PRODUCT_NAME = "$(TARGET_NAME)";
				SWIFT_VERSION = 5.0;
				TARGETED_DEVICE_FAMILY = "1,2";
				TEST_HOST = "$(BUILT_PRODUCTS_DIR)/applets-swift.app/applets-swift";
			};
			name = Release;
		};
		9A300BE22558E0AB00E9EE07 /* Debug */ = {
			isa = XCBuildConfiguration;
			buildSettings = {
				ALWAYS_EMBED_SWIFT_STANDARD_LIBRARIES = YES;
				CODE_SIGN_STYLE = Automatic;
				INFOPLIST_FILE = "applets-swiftUITests/Info.plist";
				LD_RUNPATH_SEARCH_PATHS = (
					"$(inherited)",
					"@executable_path/Frameworks",
					"@loader_path/Frameworks",
				);
				PRODUCT_BUNDLE_IDENTIFIER = "com.artery.apple-swiftUITests";
				PRODUCT_NAME = "$(TARGET_NAME)";
				SWIFT_VERSION = 5.0;
				TARGETED_DEVICE_FAMILY = "1,2";
				TEST_TARGET_NAME = "applets-swift";
			};
			name = Debug;
		};
		9A300BE32558E0AB00E9EE07 /* Release */ = {
			isa = XCBuildConfiguration;
			buildSettings = {
				ALWAYS_EMBED_SWIFT_STANDARD_LIBRARIES = YES;
				CODE_SIGN_STYLE = Automatic;
				INFOPLIST_FILE = "applets-swiftUITests/Info.plist";
				LD_RUNPATH_SEARCH_PATHS = (
					"$(inherited)",
					"@executable_path/Frameworks",
					"@loader_path/Frameworks",
				);
				PRODUCT_BUNDLE_IDENTIFIER = "com.artery.apple-swiftUITests";
				PRODUCT_NAME = "$(TARGET_NAME)";
				SWIFT_VERSION = 5.0;
				TARGETED_DEVICE_FAMILY = "1,2";
				TEST_TARGET_NAME = "applets-swift";
			};
			name = Release;
		};
/* End XCBuildConfiguration section */

/* Begin XCConfigurationList section */
		9A300BAC2558E0A800E9EE07 /* Build configuration list for PBXProject "applets-swift" */ = {
			isa = XCConfigurationList;
			buildConfigurations = (
				9A300BD92558E0AB00E9EE07 /* Debug */,
				9A300BDA2558E0AB00E9EE07 /* Release */,
			);
			defaultConfigurationIsVisible = 0;
			defaultConfigurationName = Release;
		};
		9A300BDB2558E0AB00E9EE07 /* Build configuration list for PBXNativeTarget "applets-swift" */ = {
			isa = XCConfigurationList;
			buildConfigurations = (
				9A300BDC2558E0AB00E9EE07 /* Debug */,
				9A300BDD2558E0AB00E9EE07 /* Release */,
			);
			defaultConfigurationIsVisible = 0;
			defaultConfigurationName = Release;
		};
		9A300BDE2558E0AB00E9EE07 /* Build configuration list for PBXNativeTarget "applets-swiftTests" */ = {
			isa = XCConfigurationList;
			buildConfigurations = (
				9A300BDF2558E0AB00E9EE07 /* Debug */,
				9A300BE02558E0AB00E9EE07 /* Release */,
			);
			defaultConfigurationIsVisible = 0;
			defaultConfigurationName = Release;
		};
		9A300BE12558E0AB00E9EE07 /* Build configuration list for PBXNativeTarget "applets-swiftUITests" */ = {
			isa = XCConfigurationList;
			buildConfigurations = (
				9A300BE22558E0AB00E9EE07 /* Debug */,
				9A300BE32558E0AB00E9EE07 /* Release */,
			);
			defaultConfigurationIsVisible = 0;
			defaultConfigurationName = Release;
		};
/* End XCConfigurationList section */

/* Begin XCRemoteSwiftPackageReference section */
		9A300C0B2558EC4E00E9EE07 /* XCRemoteSwiftPackageReference "swifter" */ = {
			isa = XCRemoteSwiftPackageReference;
			repositoryURL = "https://github.com/httpswift/swifter.git";
			requirement = {
				kind = upToNextMajorVersion;
				minimumVersion = 1.5.0;
			};
		};
/* End XCRemoteSwiftPackageReference section */

/* Begin XCSwiftPackageProductDependency section */
		9A300C0C2558EC4E00E9EE07 /* Swifter */ = {
			isa = XCSwiftPackageProductDependency;
			package = 9A300C0B2558EC4E00E9EE07 /* XCRemoteSwiftPackageReference "swifter" */;
			productName = Swifter;
		};
/* End XCSwiftPackageProductDependency section */
	};
	rootObject = 9A300BA92558E0A800E9EE07 /* Project object */;
}
