// !$*UTF8*$!
{
	archiveVersion = 1;
	classes = {
	};
	objectVersion = 50;
	objects = {

/* Begin PBXBuildFile section */
		9A300BB52558E0A900E9EE07 /* AppDelegate.swift in Sources */ = {isa = PBXBuildFile; fileRef = 9A300BB42558E0A900E9EE07 /* AppDelegate.swift */; };
		9A300BB72558E0A900E9EE07 /* SceneDelegate.swift in Sources */ = {isa = PBXBuildFile; fileRef = 9A300BB62558E0A900E9EE07 /* SceneDelegate.swift */; };
		9A300BB92558E0A900E9EE07 /* ViewController.swift in Sources */ = {isa = PBXBuildFile; fileRef = 9A300BB82558E0A900E9EE07 /* ViewController.swift */; };
		9A300BBC2558E0A900E9EE07 /* Main.storyboard in Resources */ = {isa = PBXBuildFile; fileRef = 9A300BBA2558E0A900E9EE07 /* Main.storyboard */; };
		9A300BBE2558E0AB00E9EE07 /* Assets.xcassets in Resources */ = {isa = PBXBuildFile; fileRef = 9A300BBD2558E0AB00E9EE07 /* Assets.xcassets */; };
		9A300BC12558E0AB00E9EE07 /* LaunchScreen.storyboard in Resources */ = {isa = PBXBuildFile; fileRef = 9A300BBF2558E0AB00E9EE07 /* LaunchScreen.storyboard */; };
		9A300BCC2558E0AB00E9EE07 /* applets_swiftlsTests.swift in Sources */ = {isa = PBXBuildFile; fileRef = 9A300BCB2558E0AB00E9EE07 /* applets_swiftlsTests.swift */; };
		9A300BD72558E0AB00E9EE07 /* applets_swiftlsUITests.swift in Sources */ = {isa = PBXBuildFile; fileRef = 9A300BD62558E0AB00E9EE07 /* applets_swiftlsUITests.swift */; };
/* End PBXBuildFile section */

/* Begin PBXContainerItemProxy section */
		9A300BC82558E0AB00E9EE07 /* PBXContainerItemProxy */ = {
			isa = PBXContainerItemProxy;
			containerPortal = 9A300BA92558E0A800E9EE07 /* Project object */;
			proxyType = 1;
			remoteGlobalIDString = 9A300BB02558E0A900E9EE07;
			remoteInfo = "applets-swiftls";
		};
		9A300BD32558E0AB00E9EE07 /* PBXContainerItemProxy */ = {
			isa = PBXContainerItemProxy;
			containerPortal = 9A300BA92558E0A800E9EE07 /* Project object */;
			proxyType = 1;
			remoteGlobalIDString = 9A300BB02558E0A900E9EE07;
			remoteInfo = "applets-swiftls";
		};
/* End PBXContainerItemProxy section */

/* Begin PBXFileReference section */
		9A300BB12558E0A900E9EE07 /* applets-swiftls.app */ = {isa = PBXFileReference; explicitFileType = wrapper.application; includeInIndex = 0; path = "applets-swiftls.app"; sourceTree = BUILT_PRODUCTS_DIR; };
		9A300BB42558E0A900E9EE07 /* AppDelegate.swift */ = {isa = PBXFileReference; lastKnownFileType = sourcecode.swift; path = AppDelegate.swift; sourceTree = "<group>"; };
		9A300BB62558E0A900E9EE07 /* SceneDelegate.swift */ = {isa = PBXFileReference; lastKnownFileType = sourcecode.swift; path = SceneDelegate.swift; sourceTree = "<group>"; };
		9A300BB82558E0A900E9EE07 /* ViewController.swift */ = {isa = PBXFileReference; lastKnownFileType = sourcecode.swift; path = ViewController.swift; sourceTree = "<group>"; };
		9A300BBB2558E0A900E9EE07 /* Base */ = {isa = PBXFileReference; lastKnownFileType = file.storyboard; name = Base; path = Base.lproj/Main.storyboard; sourceTree = "<group>"; };
		9A300BBD2558E0AB00E9EE07 /* Assets.xcassets */ = {isa = PBXFileReference; lastKnownFileType = folder.assetcatalog; path = Assets.xcassets; sourceTree = "<group>"; };
		9A300BC02558E0AB00E9EE07 /* Base */ = {isa = PBXFileReference; lastKnownFileType = file.storyboard; name = Base; path = Base.lproj/LaunchScreen.storyboard; sourceTree = "<group>"; };
		9A300BC22558E0AB00E9EE07 /* Info.plist */ = {isa = PBXFileReference; lastKnownFileType = text.plist.xml; path = Info.plist; sourceTree = "<group>"; };
		9A300BC72558E0AB00E9EE07 /* applets-swiftlsTests.xctest */ = {isa = PBXFileReference; explicitFileType = wrapper.cfbundle; includeInIndex = 0; path = "applets-swiftlsTests.xctest"; sourceTree = BUILT_PRODUCTS_DIR; };
		9A300BCB2558E0AB00E9EE07 /* applets_swiftlsTests.swift */ = {isa = PBXFileReference; lastKnownFileType = sourcecode.swift; path = applets_swiftlsTests.swift; sourceTree = "<group>"; };
		9A300BCD2558E0AB00E9EE07 /* Info.plist */ = {isa = PBXFileReference; lastKnownFileType = text.plist.xml; path = Info.plist; sourceTree = "<group>"; };
		9A300BD22558E0AB00E9EE07 /* applets-swiftlsUITests.xctest */ = {isa = PBXFileReference; explicitFileType = wrapper.cfbundle; includeInIndex = 0; path = "applets-swiftlsUITests.xctest"; sourceTree = BUILT_PRODUCTS_DIR; };
		9A300BD62558E0AB00E9EE07 /* applets_swiftlsUITests.swift */ = {isa = PBXFileReference; lastKnownFileType = sourcecode.swift; path = applets_swiftlsUITests.swift; sourceTree = "<group>"; };
		9A300BD82558E0AB00E9EE07 /* Info.plist */ = {isa = PBXFileReference; lastKnownFileType = text.plist.xml; path = Info.plist; sourceTree = "<group>"; };
/* End PBXFileReference section */

/* Begin PBXFrameworksBuildPhase section */
		9A300BAE2558E0A900E9EE07 /* Frameworks */ = {
			isa = PBXFrameworksBuildPhase;
			buildActionMask = 2147483647;
			files = (
			);
			runOnlyForDeploymentPostprocessing = 0;
		};
		9A300BC42558E0AB00E9EE07 /* Frameworks */ = {
			isa = PBXFrameworksBuildPhase;
			buildActionMask = 2147483647;
			files = (
			);
			runOnlyForDeploymentPostprocessing = 0;
		};
		9A300BCF2558E0AB00E9EE07 /* Frameworks */ = {
			isa = PBXFrameworksBuildPhase;
			buildActionMask = 2147483647;
			files = (
			);
			runOnlyForDeploymentPostprocessing = 0;
		};
/* End PBXFrameworksBuildPhase section */

/* Begin PBXGroup section */
		9A300BA82558E0A800E9EE07 = {
			isa = PBXGroup;
			children = (
				9A300BB32558E0A900E9EE07 /* applets-swiftls */,
				9A300BCA2558E0AB00E9EE07 /* applets-swiftlsTests */,
				9A300BD52558E0AB00E9EE07 /* applets-swiftlsUITests */,
				9A300BB22558E0A900E9EE07 /* Products */,
			);
			sourceTree = "<group>";
		};
		9A300BB22558E0A900E9EE07 /* Products */ = {
			isa = PBXGroup;
			children = (
				9A300BB12558E0A900E9EE07 /* applets-swiftls.app */,
				9A300BC72558E0AB00E9EE07 /* applets-swiftlsTests.xctest */,
				9A300BD22558E0AB00E9EE07 /* applets-swiftlsUITests.xctest */,
			);
			name = Products;
			sourceTree = "<group>";
		};
		9A300BB32558E0A900E9EE07 /* applets-swiftls */ = {
			isa = PBXGroup;
			children = (
				9A300BB42558E0A900E9EE07 /* AppDelegate.swift */,
				9A300BB62558E0A900E9EE07 /* SceneDelegate.swift */,
				9A300BB82558E0A900E9EE07 /* ViewController.swift */,
				9A300BBA2558E0A900E9EE07 /* Main.storyboard */,
				9A300BBD2558E0AB00E9EE07 /* Assets.xcassets */,
				9A300BBF2558E0AB00E9EE07 /* LaunchScreen.storyboard */,
				9A300BC22558E0AB00E9EE07 /* Info.plist */,
			);
			path = "applets-swiftls";
			sourceTree = "<group>";
		};
		9A300BCA2558E0AB00E9EE07 /* applets-swiftlsTests */ = {
			isa = PBXGroup;
			children = (
				9A300BCB2558E0AB00E9EE07 /* applets_swiftlsTests.swift */,
				9A300BCD2558E0AB00E9EE07 /* Info.plist */,
			);
			path = "applets-swiftlsTests";
			sourceTree = "<group>";
		};
		9A300BD52558E0AB00E9EE07 /* applets-swiftlsUITests */ = {
			isa = PBXGroup;
			children = (
				9A300BD62558E0AB00E9EE07 /* applets_swiftlsUITests.swift */,
				9A300BD82558E0AB00E9EE07 /* Info.plist */,
			);
			path = "applets-swiftlsUITests";
			sourceTree = "<group>";
		};
/* End PBXGroup section */

/* Begin PBXNativeTarget section */
		9A300BB02558E0A900E9EE07 /* applets-swiftls */ = {
			isa = PBXNativeTarget;
			buildConfigurationList = 9A300BDB2558E0AB00E9EE07 /* Build configuration list for PBXNativeTarget "applets-swiftls" */;
			buildPhases = (
				9A300BAD2558E0A900E9EE07 /* Sources */,
				9A300BAE2558E0A900E9EE07 /* Frameworks */,
				9A300BAF2558E0A900E9EE07 /* Resources */,
			);
			buildRules = (
			);
			dependencies = (
			);
			name = "applets-swiftls";
			productName = "applets-swiftls";
			productReference = 9A300BB12558E0A900E9EE07 /* applets-swiftls.app */;
			productType = "com.apple.product-type.application";
		};
		9A300BC62558E0AB00E9EE07 /* applets-swiftlsTests */ = {
			isa = PBXNativeTarget;
			buildConfigurationList = 9A300BDE2558E0AB00E9EE07 /* Build configuration list for PBXNativeTarget "applets-swiftlsTests" */;
			buildPhases = (
				9A300BC32558E0AB00E9EE07 /* Sources */,
				9A300BC42558E0AB00E9EE07 /* Frameworks */,
				9A300BC52558E0AB00E9EE07 /* Resources */,
			);
			buildRules = (
			);
			dependencies = (
				9A300BC92558E0AB00E9EE07 /* PBXTargetDependency */,
			);
			name = "applets-swiftlsTests";
			productName = "applets-swiftlsTests";
			productReference = 9A300BC72558E0AB00E9EE07 /* applets-swiftlsTests.xctest */;
			productType = "com.apple.product-type.bundle.unit-test";
		};
		9A300BD12558E0AB00E9EE07 /* applets-swiftlsUITests */ = {
			isa = PBXNativeTarget;
			buildConfigurationList = 9A300BE12558E0AB00E9EE07 /* Build configuration list for PBXNativeTarget "applets-swiftlsUITests" */;
			buildPhases = (
				9A300BCE2558E0AB00E9EE07 /* Sources */,
				9A300BCF2558E0AB00E9EE07 /* Frameworks */,
				9A300BD02558E0AB00E9EE07 /* Resources */,
			);
			buildRules = (
			);
			dependencies = (
				9A300BD42558E0AB00E9EE07 /* PBXTargetDependency */,
			);
			name = "applets-swiftlsUITests";
			productName = "applets-swiftlsUITests";
			productReference = 9A300BD22558E0AB00E9EE07 /* applets-swiftlsUITests.xctest */;
			productType = "com.apple.product-type.bundle.ui-testing";
		};
/* End PBXNativeTarget section */

/* Begin PBXProject section */
		9A300BA92558E0A800E9EE07 /* Project object */ = {
			isa = PBXProject;
			attributes = {
				LastSwiftUpdateCheck = 1200;
				LastUpgradeCheck = 1200;
				TargetAttributes = {
					9A300BB02558E0A900E9EE07 = {
						CreatedOnToolsVersion = 12.0.1;
					};
					9A300BC62558E0AB00E9EE07 = {
						CreatedOnToolsVersion = 12.0.1;
						TestTargetID = 9A300BB02558E0A900E9EE07;
					};
					9A300BD12558E0AB00E9EE07 = {
						CreatedOnToolsVersion = 12.0.1;
						TestTargetID = 9A300BB02558E0A900E9EE07;
					};
				};
			};
			buildConfigurationList = 9A300BAC2558E0A800E9EE07 /* Build configuration list for PBXProject "applets-swiftls" */;
			compatibilityVersion = "Xcode 9.3";
			developmentRegion = en;
			hasScannedForEncodings = 0;
			knownRegions = (
				en,
				Base,
			);
			mainGroup = 9A300BA82558E0A800E9EE07;
			productRefGroup = 9A300BB22558E0A900E9EE07 /* Products */;
			projectDirPath = "";
			projectRoot = "";
			targets = (
				9A300BB02558E0A900E9EE07 /* applets-swiftls */,
				9A300BC62558E0AB00E9EE07 /* applets-swiftlsTests */,
				9A300BD12558E0AB00E9EE07 /* applets-swiftlsUITests */,
			);
		};
/* End PBXProject section */

/* Begin PBXResourcesBuildPhase section */
		9A300BAF2558E0A900E9EE07 /* Resources */ = {
			isa = PBXResourcesBuildPhase;
			buildActionMask = 2147483647;
			files = (
				9A300BC12558E0AB00E9EE07 /* LaunchScreen.storyboard in Resources */,
				9A300BBE2558E0AB00E9EE07 /* Assets.xcassets in Resources */,
				9A300BBC2558E0A900E9EE07 /* Main.storyboard in Resources */,
			);
			runOnlyForDeploymentPostprocessing = 0;
		};
		9A300BC52558E0AB00E9EE07 /* Resources */ = {
			isa = PBXResourcesBuildPhase;
			buildActionMask = 2147483647;
			files = (
			);
			runOnlyForDeploymentPostprocessing = 0;
		};
		9A300BD02558E0AB00E9EE07 /* Resources */ = {
			isa = PBXResourcesBuildPhase;
			buildActionMask = 2147483647;
			files = (
			);
			runOnlyForDeploymentPostprocessing = 0;
		};
/* End PBXResourcesBuildPhase section */

/* Begin PBXSourcesBuildPhase section */
		9A300BAD2558E0A900E9EE07 /* Sources */ = {
			isa = PBXSourcesBuildPhase;
			buildActionMask = 2147483647;
			files = (
				9A300BB92558E0A900E9EE07 /* ViewController.swift in Sources */,
				9A300BB52558E0A900E9EE07 /* AppDelegate.swift in Sources */,
				9A300BB72558E0A900E9EE07 /* SceneDelegate.swift in Sources */,
			);
			runOnlyForDeploymentPostprocessing = 0;
		};
		9A300BC32558E0AB00E9EE07 /* Sources */ = {
			isa = PBXSourcesBuildPhase;
			buildActionMask = 2147483647;
			files = (
				9A300BCC2558E0AB00E9EE07 /* applets_swiftlsTests.swift in Sources */,
			);
			runOnlyForDeploymentPostprocessing = 0;
		};
		9A300BCE2558E0AB00E9EE07 /* Sources */ = {
			isa = PBXSourcesBuildPhase;
			buildActionMask = 2147483647;
			files = (
				9A300BD72558E0AB00E9EE07 /* applets_swiftlsUITests.swift in Sources */,
			);
			runOnlyForDeploymentPostprocessing = 0;
		};
/* End PBXSourcesBuildPhase section */

/* Begin PBXTargetDependency section */
		9A300BC92558E0AB00E9EE07 /* PBXTargetDependency */ = {
			isa = PBXTargetDependency;
			target = 9A300BB02558E0A900E9EE07 /* applets-swiftls */;
			targetProxy = 9A300BC82558E0AB00E9EE07 /* PBXContainerItemProxy */;
		};
		9A300BD42558E0AB00E9EE07 /* PBXTargetDependency */ = {
			isa = PBXTargetDependency;
			target = 9A300BB02558E0A900E9EE07 /* applets-swiftls */;
			targetProxy = 9A300BD32558E0AB00E9EE07 /* PBXContainerItemProxy */;
		};
/* End PBXTargetDependency section */

/* Begin PBXVariantGroup section */
		9A300BBA2558E0A900E9EE07 /* Main.storyboard */ = {
			isa = PBXVariantGroup;
			children = (
				9A300BBB2558E0A900E9EE07 /* Base */,
			);
			name = Main.storyboard;
			sourceTree = "<group>";
		};
		9A300BBF2558E0AB00E9EE07 /* LaunchScreen.storyboard */ = {
			isa = PBXVariantGroup;
			children = (
				9A300BC02558E0AB00E9EE07 /* Base */,
			);
			name = LaunchScreen.storyboard;
			sourceTree = "<group>";
		};
/* End PBXVariantGroup section */

/* Begin XCBuildConfiguration section */
		9A300BD92558E0AB00E9EE07 /* Debug */ = {
			isa = XCBuildConfiguration;
			buildSettings = {
				ALWAYS_SEARCH_USER_PATHS = NO;
				CLANG_ANALYZER_NONNULL = YES;
				CLANG_ANALYZER_NUMBER_OBJECT_CONVERSION = YES_AGGRESSIVE;
				CLANG_CXX_LANGUAGE_STANDARD = "gnu++14";
				CLANG_CXX_LIBRARY = "libc++";
				CLANG_ENABLE_MODULES = YES;
				CLANG_ENABLE_OBJC_ARC = YES;
				CLANG_ENABLE_OBJC_WEAK = YES;
				CLANG_WARN_BLOCK_CAPTURE_AUTORELEASING = YES;
				CLANG_WARN_BOOL_CONVERSION = YES;
				CLANG_WARN_COMMA = YES;
				CLANG_WARN_CONSTANT_CONVERSION = YES;
				CLANG_WARN_DEPRECATED_OBJC_IMPLEMENTATIONS = YES;
				CLANG_WARN_DIRECT_OBJC_ISA_USAGE = YES_ERROR;
				CLANG_WARN_DOCUMENTATION_COMMENTS = YES;
				CLANG_WARN_EMPTY_BODY = YES;
				CLANG_WARN_ENUM_CONVERSION = YES;
				CLANG_WARN_INFINITE_RECURSION = YES;
				CLANG_WARN_INT_CONVERSION = YES;
				CLANG_WARN_NON_LITERAL_NULL_CONVERSION = YES;
				CLANG_WARN_OBJC_IMPLICIT_RETAIN_SELF = YES;
				CLANG_WARN_OBJC_LITERAL_CONVERSION = YES;
				CLANG_WARN_OBJC_ROOT_CLASS = YES_ERROR;
				CLANG_WARN_QUOTED_INCLUDE_IN_FRAMEWORK_HEADER = YES;
				CLANG_WARN_RANGE_LOOP_ANALYSIS = YES;
				CLANG_WARN_STRICT_PROTOTYPES = YES;
				CLANG_WARN_SUSPICIOUS_MOVE = YES;
				CLANG_WARN_UNGUARDED_AVAILABILITY = YES_AGGRESSIVE;
				CLANG_WARN_UNREACHABLE_CODE = YES;
				CLANG_WARN__DUPLICATE_METHOD_MATCH = YES;
				COPY_PHASE_STRIP = NO;
				DEBUG_INFORMATION_FORMAT = dwarf;
				ENABLE_STRICT_OBJC_MSGSEND = YES;
				ENABLE_TESTABILITY = YES;
				GCC_C_LANGUAGE_STANDARD = gnu11;
				GCC_DYNAMIC_NO_PIC = NO;
				GCC_NO_COMMON_BLOCKS = YES;
				GCC_OPTIMIZATION_LEVEL = 0;
				GCC_PREPROCESSOR_DEFINITIONS = (
					"DEBUG=1",
					"$(inherited)",
				);
				GCC_WARN_64_TO_32_BIT_CONVERSION = YES;
				GCC_WARN_ABOUT_RETURN_TYPE = YES_ERROR;
				GCC_WARN_UNDECLARED_SELECTOR = YES;
				GCC_WARN_UNINITIALIZED_AUTOS = YES_AGGRESSIVE;
				GCC_WARN_UNUSED_FUNCTION = YES;
				GCC_WARN_UNUSED_VARIABLE = YES;
				IPHONEOS_DEPLOYMENT_TARGET = 14.0;
				MTL_ENABLE_DEBUG_INFO = INCLUDE_SOURCE;
				MTL_FAST_MATH = YES;
				ONLY_ACTIVE_ARCH = YES;
				SDKROOT = iphoneos;
				SWIFT_ACTIVE_COMPILATION_CONDITIONS = DEBUG;
				SWIFT_OPTIMIZATION_LEVEL = "-Onone";
			};
			name = Debug;
		};
		9A300BDA2558E0AB00E9EE07 /* Release */ = {
			isa = XCBuildConfiguration;
			buildSettings = {
				ALWAYS_SEARCH_USER_PATHS = NO;
				CLANG_ANALYZER_NONNULL = YES;
				CLANG_ANALYZER_NUMBER_OBJECT_CONVERSION = YES_AGGRESSIVE;
				CLANG_CXX_LANGUAGE_STANDARD = "gnu++14";
				CLANG_CXX_LIBRARY = "libc++";
				CLANG_ENABLE_MODULES = YES;
				CLANG_ENABLE_OBJC_ARC = YES;
				CLANG_ENABLE_OBJC_WEAK = YES;
				CLANG_WARN_BLOCK_CAPTURE_AUTORELEASING = YES;
				CLANG_WARN_BOOL_CONVERSION = YES;
				CLANG_WARN_COMMA = YES;
				CLANG_WARN_CONSTANT_CONVERSION = YES;
				CLANG_WARN_DEPRECATED_OBJC_IMPLEMENTATIONS = YES;
				CLANG_WARN_DIRECT_OBJC_ISA_USAGE = YES_ERROR;
				CLANG_WARN_DOCUMENTATION_COMMENTS = YES;
				CLANG_WARN_EMPTY_BODY = YES;
				CLANG_WARN_ENUM_CONVERSION = YES;
				CLANG_WARN_INFINITE_RECURSION = YES;
				CLANG_WARN_INT_CONVERSION = YES;
				CLANG_WARN_NON_LITERAL_NULL_CONVERSION = YES;
				CLANG_WARN_OBJC_IMPLICIT_RETAIN_SELF = YES;
				CLANG_WARN_OBJC_LITERAL_CONVERSION = YES;
				CLANG_WARN_OBJC_ROOT_CLASS = YES_ERROR;
				CLANG_WARN_QUOTED_INCLUDE_IN_FRAMEWORK_HEADER = YES;
				CLANG_WARN_RANGE_LOOP_ANALYSIS = YES;
				CLANG_WARN_STRICT_PROTOTYPES = YES;
				CLANG_WARN_SUSPICIOUS_MOVE = YES;
				CLANG_WARN_UNGUARDED_AVAILABILITY = YES_AGGRESSIVE;
				CLANG_WARN_UNREACHABLE_CODE = YES;
				CLANG_WARN__DUPLICATE_METHOD_MATCH = YES;
				COPY_PHASE_STRIP = NO;
				DEBUG_INFORMATION_FORMAT = "dwarf-with-dsym";
				ENABLE_NS_ASSERTIONS = NO;
				ENABLE_STRICT_OBJC_MSGSEND = YES;
				GCC_C_LANGUAGE_STANDARD = gnu11;
				GCC_NO_COMMON_BLOCKS = YES;
				GCC_WARN_64_TO_32_BIT_CONVERSION = YES;
				GCC_WARN_ABOUT_RETURN_TYPE = YES_ERROR;
				GCC_WARN_UNDECLARED_SELECTOR = YES;
				GCC_WARN_UNINITIALIZED_AUTOS = YES_AGGRESSIVE;
				GCC_WARN_UNUSED_FUNCTION = YES;
				GCC_WARN_UNUSED_VARIABLE = YES;
				IPHONEOS_DEPLOYMENT_TARGET = 14.0;
				MTL_ENABLE_DEBUG_INFO = NO;
				MTL_FAST_MATH = YES;
				SDKROOT = iphoneos;
				SWIFT_COMPILATION_MODE = wholemodule;
				SWIFT_OPTIMIZATION_LEVEL = "-O";
				VALIDATE_PRODUCT = YES;
			};
			name = Release;
		};
		9A300BDC2558E0AB00E9EE07 /* Debug */ = {
			isa = XCBuildConfiguration;
			buildSettings = {
				ASSETCATALOG_COMPILER_APPICON_NAME = AppIcon;
				ASSETCATALOG_COMPILER_GLOBAL_ACCENT_COLOR_NAME = AccentColor;
				CODE_SIGN_STYLE = Automatic;
				INFOPLIST_FILE = "applets-swiftls/Info.plist";
				LD_RUNPATH_SEARCH_PATHS = (
					"$(inherited)",
					"@executable_path/Frameworks",
				);
				PRODUCT_BUNDLE_IDENTIFIER = "com.artery.applets-swiftls";
				PRODUCT_NAME = "$(TARGET_NAME)";
				SWIFT_VERSION = 5.0;
				TARGETED_DEVICE_FAMILY = "1,2";
			};
			name = Debug;
		};
		9A300BDD2558E0AB00E9EE07 /* Release */ = {
			isa = XCBuildConfiguration;
			buildSettings = {
				ASSETCATALOG_COMPILER_APPICON_NAME = AppIcon;
				ASSETCATALOG_COMPILER_GLOBAL_ACCENT_COLOR_NAME = AccentColor;
				CODE_SIGN_STYLE = Automatic;
				INFOPLIST_FILE = "applets-swiftls/Info.plist";
				LD_RUNPATH_SEARCH_PATHS = (
					"$(inherited)",
					"@executable_path/Frameworks",
				);
				PRODUCT_BUNDLE_IDENTIFIER = "com.artery.applets-swiftls";
				PRODUCT_NAME = "$(TARGET_NAME)";
				SWIFT_VERSION = 5.0;
				TARGETED_DEVICE_FAMILY = "1,2";
			};
			name = Release;
		};
		9A300BDF2558E0AB00E9EE07 /* Debug */ = {
			isa = XCBuildConfiguration;
			buildSettings = {
				ALWAYS_EMBED_SWIFT_STANDARD_LIBRARIES = YES;
				BUNDLE_LOADER = "$(TEST_HOST)";
				CODE_SIGN_STYLE = Automatic;
				INFOPLIST_FILE = "applets-swiftlsTests/Info.plist";
				IPHONEOS_DEPLOYMENT_TARGET = 14.0;
				LD_RUNPATH_SEARCH_PATHS = (
					"$(inherited)",
					"@executable_path/Frameworks",
					"@loader_path/Frameworks",
				);
				PRODUCT_BUNDLE_IDENTIFIER = "com.artery.applets-swiftlsTests";
				PRODUCT_NAME = "$(TARGET_NAME)";
				SWIFT_VERSION = 5.0;
				TARGETED_DEVICE_FAMILY = "1,2";
				TEST_HOST = "$(BUILT_PRODUCTS_DIR)/applets-swiftls.app/applets-swiftls";
			};
			name = Debug;
		};
		9A300BE02558E0AB00E9EE07 /* Release */ = {
			isa = XCBuildConfiguration;
			buildSettings = {
				ALWAYS_EMBED_SWIFT_STANDARD_LIBRARIES = YES;
				BUNDLE_LOADER = "$(TEST_HOST)";
				CODE_SIGN_STYLE = Automatic;
				INFOPLIST_FILE = "applets-swiftlsTests/Info.plist";
				IPHONEOS_DEPLOYMENT_TARGET = 14.0;
				LD_RUNPATH_SEARCH_PATHS = (
					"$(inherited)",
					"@executable_path/Frameworks",
					"@loader_path/Frameworks",
				);
				PRODUCT_BUNDLE_IDENTIFIER = "com.artery.applets-swiftlsTests";
				PRODUCT_NAME = "$(TARGET_NAME)";
				SWIFT_VERSION = 5.0;
				TARGETED_DEVICE_FAMILY = "1,2";
				TEST_HOST = "$(BUILT_PRODUCTS_DIR)/applets-swiftls.app/applets-swiftls";
			};
			name = Release;
		};
		9A300BE22558E0AB00E9EE07 /* Debug */ = {
			isa = XCBuildConfiguration;
			buildSettings = {
				ALWAYS_EMBED_SWIFT_STANDARD_LIBRARIES = YES;
				CODE_SIGN_STYLE = Automatic;
				INFOPLIST_FILE = "applets-swiftlsUITests/Info.plist";
				LD_RUNPATH_SEARCH_PATHS = (
					"$(inherited)",
					"@executable_path/Frameworks",
					"@loader_path/Frameworks",
				);
				PRODUCT_BUNDLE_IDENTIFIER = "com.artery.applets-swiftlsUITests";
				PRODUCT_NAME = "$(TARGET_NAME)";
				SWIFT_VERSION = 5.0;
				TARGETED_DEVICE_FAMILY = "1,2";
				TEST_TARGET_NAME = "applets-swiftls";
			};
			name = Debug;
		};
		9A300BE32558E0AB00E9EE07 /* Release */ = {
			isa = XCBuildConfiguration;
			buildSettings = {
				ALWAYS_EMBED_SWIFT_STANDARD_LIBRARIES = YES;
				CODE_SIGN_STYLE = Automatic;
				INFOPLIST_FILE = "applets-swiftlsUITests/Info.plist";
				LD_RUNPATH_SEARCH_PATHS = (
					"$(inherited)",
					"@executable_path/Frameworks",
					"@loader_path/Frameworks",
				);
				PRODUCT_BUNDLE_IDENTIFIER = "com.artery.applets-swiftlsUITests";
				PRODUCT_NAME = "$(TARGET_NAME)";
				SWIFT_VERSION = 5.0;
				TARGETED_DEVICE_FAMILY = "1,2";
				TEST_TARGET_NAME = "applets-swiftls";
			};
			name = Release;
		};
/* End XCBuildConfiguration section */

/* Begin XCConfigurationList section */
		9A300BAC2558E0A800E9EE07 /* Build configuration list for PBXProject "applets-swiftls" */ = {
			isa = XCConfigurationList;
			buildConfigurations = (
				9A300BD92558E0AB00E9EE07 /* Debug */,
				9A300BDA2558E0AB00E9EE07 /* Release */,
			);
			defaultConfigurationIsVisible = 0;
			defaultConfigurationName = Release;
		};
		9A300BDB2558E0AB00E9EE07 /* Build configuration list for PBXNativeTarget "applets-swiftls" */ = {
			isa = XCConfigurationList;
			buildConfigurations = (
				9A300BDC2558E0AB00E9EE07 /* Debug */,
				9A300BDD2558E0AB00E9EE07 /* Release */,
			);
			defaultConfigurationIsVisible = 0;
			defaultConfigurationName = Release;
		};
		9A300BDE2558E0AB00E9EE07 /* Build configuration list for PBXNativeTarget "applets-swiftlsTests" */ = {
			isa = XCConfigurationList;
			buildConfigurations = (
				9A300BDF2558E0AB00E9EE07 /* Debug */,
				9A300BE02558E0AB00E9EE07 /* Release */,
			);
			defaultConfigurationIsVisible = 0;
			defaultConfigurationName = Release;
		};
		9A300BE12558E0AB00E9EE07 /* Build configuration list for PBXNativeTarget "applets-swiftlsUITests" */ = {
			isa = XCConfigurationList;
			buildConfigurations = (
				9A300BE22558E0AB00E9EE07 /* Debug */,
				9A300BE32558E0AB00E9EE07 /* Release */,
			);
			defaultConfigurationIsVisible = 0;
			defaultConfigurationName = Release;
		};
/* End XCConfigurationList section */
	};
	rootObject = 9A300BA92558E0A800E9EE07 /* Project object */;
}
